# THIS IS AN AUTOGENERATED FILE. DO NOT EDIT THIS FILE DIRECTLY.
# yarn lockfile v1


"assert@^2.0.0":
  "integrity" "sha512-se5Cd+js9dXJnu6Ag2JFc00t+HmHOen+8Q+L7O9zI0PqQXr20uk2J0XQqMxZEeo5U50o8Nvmmx7dZrl+Ufr35A=="
  "resolved" "https://registry.npmjs.org/assert/-/assert-2.0.0.tgz"
  "version" "2.0.0"
  dependencies:
    "es6-object-assign" "^1.1.0"
    "is-nan" "^1.2.1"
    "object-is" "^1.0.1"
    "util" "^0.12.0"

"ast-types@^0.16.1":
  "integrity" "sha512-6t10qk83GOG8p0vKmaCr8eiilZwO171AvbROMtvvNiwrTly62t+7XkA8RdIIVbpMhCASAsxgAzdRSwh6nw/5Dg=="
  "resolved" "https://registry.npmjs.org/ast-types/-/ast-types-0.16.1.tgz"
  "version" "0.16.1"
  dependencies:
    "tslib" "^2.0.1"

"available-typed-arrays@^1.0.5":
  "integrity" "sha512-DMD0KiN46eipeziST1LPP/STfDU0sufISXmjSgvVsoU2tqxctQeASejWcfNtxYKqETM1UxQ8sp2OrSBWpHY6sw=="
  "resolved" "https://registry.npmjs.org/available-typed-arrays/-/available-typed-arrays-1.0.5.tgz"
  "version" "1.0.5"

"benchmark@^2.1.4":
  "integrity" "sha512-l9MlfN4M1K/H2fbhfMy3B7vJd6AGKJVQn2h6Sg/Yx+KckoUA7ewS5Vv6TjSq18ooE1kS9hhAlQRH3AkXIh/aOQ=="
  "resolved" "https://registry.npmjs.org/benchmark/-/benchmark-2.1.4.tgz"
  "version" "2.1.4"
  dependencies:
    "lodash" "^4.17.4"
    "platform" "^1.3.3"

"call-bind@^1.0.0", "call-bind@^1.0.2":
  "integrity" "sha512-7O+FbCihrB5WGbFYesctwmTKae6rOiIzmz1icreWJ+0aA7LJfuqhEso2T9ncpcFtzMQtzXf2QGGueWJGTYsqrA=="
  "resolved" "https://registry.npmjs.org/call-bind/-/call-bind-1.0.2.tgz"
  "version" "1.0.2"
  dependencies:
    "function-bind" "^1.1.1"
    "get-intrinsic" "^1.0.2"

"co@^4.6.0":
  "integrity" "sha512-QVb0dM5HvG+uaxitm8wONl7jltx8dqhfU33DcqtOZcLSVIKSDDLDi7+0LbAKiyI8hD9u42m2YxXSkMGWThaecQ=="
  "resolved" "https://registry.npmjs.org/co/-/co-4.6.0.tgz"
  "version" "4.6.0"

"crypto-js@^4.1.1":
  "integrity" "sha512-o2JlM7ydqd3Qk9CA0L4NL6mTzU2sdx96a+oOfPu8Mkl/PK51vSyoi8/rQ8NknZtk44vq15lmhAj9CIAGwgeWKw=="
  "resolved" "https://registry.npmjs.org/crypto-js/-/crypto-js-4.1.1.tgz"
  "version" "4.1.1"

"define-properties@^1.1.3":
  "integrity" "sha512-xvqAVKGfT1+UAvPwKTVw/njhdQ8ZhXK4lI0bCIuCMrp2up9nPnaDftrLtmpTazqd1o+UY4zgzU+avtMbDP+ldA=="
  "resolved" "https://registry.npmjs.org/define-properties/-/define-properties-1.2.0.tgz"
  "version" "1.2.0"
  dependencies:
    "has-property-descriptors" "^1.0.0"
    "object-keys" "^1.1.1"

"es6-object-assign@^1.1.0":
  "integrity" "sha512-MEl9uirslVwqQU369iHNWZXsI8yaZYGg/D65aOgZkeyFJwHYSxilf7rQzXKI7DdDuBPrBXbfk3sl9hJhmd5AUw=="
  "resolved" "https://registry.npmjs.org/es6-object-assign/-/es6-object-assign-1.1.0.tgz"
  "version" "1.1.0"

"esprima@~4.0.0":
  "integrity" "sha512-eGuFFw7Upda+g4p+QHvnW0RyTX/SVeJBDM/gCtMARO0cLuT2HcEKnTPvhjV6aGeqrCB/sbNop0Kszm0jsaWU4A=="
  "resolved" "https://registry.npmjs.org/esprima/-/esprima-4.0.1.tgz"
  "version" "4.0.1"

"for-each@^0.3.3":
  "integrity" "sha512-jqYfLp7mo9vIyQf8ykW2v7A+2N4QjeCeI5+Dz9XraiO1ign81wjiH7Fb9vSOWvQfNtmSa4H2RoQTrrXivdUZmw=="
  "resolved" "https://registry.npmjs.org/for-each/-/for-each-0.3.3.tgz"
  "version" "0.3.3"
  dependencies:
    "is-callable" "^1.1.3"

"function-bind@^1.1.1":
  "integrity" "sha512-yIovAzMX49sF8Yl58fSCWJ5svSLuaibPxXQJFLmBObTuCr0Mf1KiPopGM9NiFjiYBCbfaa2Fh6breQ6ANVTI0A=="
  "resolved" "https://registry.npmjs.org/function-bind/-/function-bind-1.1.1.tgz"
  "version" "1.1.1"

"get-intrinsic@^1.0.2", "get-intrinsic@^1.1.1", "get-intrinsic@^1.1.3":
  "integrity" "sha512-2DcsyfABl+gVHEfCOaTrWgyt+tb6MSEGmKq+kI5HwLbIYgjgmMcV8KQ41uaKz1xxUcn9tJtgFbQUEVcEbd0FYw=="
  "resolved" "https://registry.npmjs.org/get-intrinsic/-/get-intrinsic-1.2.1.tgz"
  "version" "1.2.1"
  dependencies:
    "function-bind" "^1.1.1"
    "has" "^1.0.3"
    "has-proto" "^1.0.1"
    "has-symbols" "^1.0.3"

"gopd@^1.0.1":
  "integrity" "sha512-d65bNlIadxvpb/A2abVdlqKqV563juRnZ1Wtk6s1sIR8uNsXR70xqIzVqxVf1eTqDunwT2MkczEeaezCKTZhwA=="
  "resolved" "https://registry.npmjs.org/gopd/-/gopd-1.0.1.tgz"
  "version" "1.0.1"
  dependencies:
    "get-intrinsic" "^1.1.3"

"has-property-descriptors@^1.0.0":
  "integrity" "sha512-62DVLZGoiEBDHQyqG4w9xCuZ7eJEwNmJRWw2VY84Oedb7WFcA27fiEVe8oUQx9hAUJ4ekurquucTGwsyO1XGdQ=="
  "resolved" "https://registry.npmjs.org/has-property-descriptors/-/has-property-descriptors-1.0.0.tgz"
  "version" "1.0.0"
  dependencies:
    "get-intrinsic" "^1.1.1"

"has-proto@^1.0.1":
  "integrity" "sha512-7qE+iP+O+bgF9clE5+UoBFzE65mlBiVj3tKCrlNQ0Ogwm0BjpT/gK4SlLYDMybDh5I3TCTKnPPa0oMG7JDYrhg=="
  "resolved" "https://registry.npmjs.org/has-proto/-/has-proto-1.0.1.tgz"
  "version" "1.0.1"

"has-symbols@^1.0.2", "has-symbols@^1.0.3":
  "integrity" "sha512-l3LCuF6MgDNwTDKkdYGEihYjt5pRPbEg46rtlmnSPlUbgmB8LOIrKJbYYFBSbnPaJexMKtiPO8hmeRjRz2Td+A=="
  "resolved" "https://registry.npmjs.org/has-symbols/-/has-symbols-1.0.3.tgz"
  "version" "1.0.3"

"has-tostringtag@^1.0.0":
  "integrity" "sha512-kFjcSNhnlGV1kyoGk7OXKSawH5JOb/LzUc5w9B02hOTO0dfFRjbHQKvg1d6cf3HbeUmtU9VbbV3qzZ2Teh97WQ=="
  "resolved" "https://registry.npmjs.org/has-tostringtag/-/has-tostringtag-1.0.0.tgz"
  "version" "1.0.0"
  dependencies:
    "has-symbols" "^1.0.2"

"has@^1.0.3":
  "integrity" "sha512-f2dvO0VU6Oej7RkWJGrehjbzMAjFp5/VKPp5tTpWIV4JHHZK1/BxbFRtf/siA2SWTe09caDmVtYYzWEIbBS4zw=="
  "resolved" "https://registry.npmjs.org/has/-/has-1.0.3.tgz"
  "version" "1.0.3"
  dependencies:
    "function-bind" "^1.1.1"

"inherits@^2.0.3":
  "integrity" "sha512-k/vGaX4/Yla3WzyMCvTQOXYeIHvqOKtnqBduzTHpzpQZzAskKMhZ2K+EnBiSM9zGSoIFeMpXKxa4dYeZIQqewQ=="
  "resolved" "https://registry.npmjs.org/inherits/-/inherits-2.0.4.tgz"
  "version" "2.0.4"

"is-arguments@^1.0.4":
  "integrity" "sha512-8Q7EARjzEnKpt/PCD7e1cgUS0a6X8u5tdSiMqXhojOdoV9TsMsiO+9VLC5vAmO8N7/GmXn7yjR8qnA6bVAEzfA=="
  "resolved" "https://registry.npmjs.org/is-arguments/-/is-arguments-1.1.1.tgz"
  "version" "1.1.1"
  dependencies:
    "call-bind" "^1.0.2"
    "has-tostringtag" "^1.0.0"

"is-callable@^1.1.3":
  "integrity" "sha512-1BC0BVFhS/p0qtw6enp8e+8OD0UrK0oFLztSjNzhcKA3WDuJxxAPXzPuPtKkjEY9UUoEWlX/8fgKeu2S8i9JTA=="
  "resolved" "https://registry.npmjs.org/is-callable/-/is-callable-1.2.7.tgz"
  "version" "1.2.7"

"is-generator-function@^1.0.7":
  "integrity" "sha512-jsEjy9l3yiXEQ+PsXdmBwEPcOxaXWLspKdplFUVI9vq1iZgIekeC0L167qeu86czQaxed3q/Uzuw0swL0irL8A=="
  "resolved" "https://registry.npmjs.org/is-generator-function/-/is-generator-function-1.0.10.tgz"
  "version" "1.0.10"
  dependencies:
    "has-tostringtag" "^1.0.0"

"is-nan@^1.2.1":
  "integrity" "sha512-E+zBKpQ2t6MEo1VsonYmluk9NxGrbzpeeLC2xIViuO2EjU2xsXsBPwTr3Ykv9l08UYEVEdWeRZNouaZqF6RN0w=="
  "resolved" "https://registry.npmjs.org/is-nan/-/is-nan-1.3.2.tgz"
  "version" "1.3.2"
  dependencies:
    "call-bind" "^1.0.0"
    "define-properties" "^1.1.3"

"is-typed-array@^1.1.10", "is-typed-array@^1.1.3":
  "integrity" "sha512-PJqgEHiWZvMpaFZ3uTc8kHPM4+4ADTlDniuQL7cU/UDA0Ql7F70yGfHph3cLNe+c9toaigv+DFzTJKhc2CtO6A=="
  "resolved" "https://registry.npmjs.org/is-typed-array/-/is-typed-array-1.1.10.tgz"
  "version" "1.1.10"
  dependencies:
    "available-typed-arrays" "^1.0.5"
    "call-bind" "^1.0.2"
    "for-each" "^0.3.3"
    "gopd" "^1.0.1"
    "has-tostringtag" "^1.0.0"

"lodash@^4.17.4":
  "integrity" "sha512-v2kDEe57lecTulaDIuNTPy3Ry4gLGJ6Z1O3vE1krgXZNrsQ+LFTGHVxVjcXPs17LhbZVGedAJv8XZ1tvj5FvSg=="
  "resolved" "https://registry.npmjs.org/lodash/-/lodash-4.17.21.tgz"
  "version" "4.17.21"

"object-is@^1.0.1":
  "integrity" "sha512-3cyDsyHgtmi7I7DfSSI2LDp6SK2lwvtbg0p0R1e0RvTqF5ceGx+K2dfSjm1bKDMVCFEDAQvy+o8c6a7VujOddw=="
  "resolved" "https://registry.npmjs.org/object-is/-/object-is-1.1.5.tgz"
  "version" "1.1.5"
  dependencies:
    "call-bind" "^1.0.2"
    "define-properties" "^1.1.3"

"object-keys@^1.1.1":
  "integrity" "sha512-NuAESUOUMrlIXOfHKzD6bpPu3tYt3xvjNdRIQ+FeT0lNb4K8WR70CaDxhuNguS2XG+GjkyMwOzsN5ZktImfhLA=="
  "resolved" "https://registry.npmjs.org/object-keys/-/object-keys-1.1.1.tgz"
  "version" "1.1.1"

"platform@^1.3.3":
  "integrity" "sha512-fnWVljUchTro6RiCFvCXBbNhJc2NijN7oIQxbwsyL0buWJPG85v81ehlHI9fXrJsMNgTofEoWIQeClKpgxFLrg=="
  "resolved" "https://registry.npmjs.org/platform/-/platform-1.3.6.tgz"
  "version" "1.3.6"

"recast@^0.23.2":
  "integrity" "sha512-Qv6cPfVZyMOtPszK6PgW70pUgm7gPlFitAPf0Q69rlOA0zLw2XdDcNmPbVGYicFGT9O8I7TZ/0ryJD+6COvIPw=="
  "resolved" "https://registry.npmjs.org/recast/-/recast-0.23.2.tgz"
  "version" "0.23.2"
  dependencies:
    "assert" "^2.0.0"
    "ast-types" "^0.16.1"
    "esprima" "~4.0.0"
    "source-map" "~0.6.1"
    "tslib" "^2.0.1"

"source-map@~0.6.1":
  "integrity" "sha512-UjgapumWlbMhkBgzT7Ykc5YXUT46F0iKu8SGXq0bcwP5dz/h0Plj6enJqjz1Zbq2l5WaqYnrVbwWOWMyF3F47g=="
  "resolved" "https://registry.npmjs.org/source-map/-/source-map-0.6.1.tgz"
  "version" "0.6.1"

"tslib@^2.0.1":
  "integrity" "sha512-mSxlJJwl3BMEQCUNnxXBU9jP4JBktcEGhURcPR6VQVlnP0FdDEsIaz0C35dXNGLyRfrATNofF0F5p2KPxQgB+w=="
  "resolved" "https://registry.npmjs.org/tslib/-/tslib-2.5.3.tgz"
  "version" "2.5.3"

"util@^0.12.0":
  "integrity" "sha512-kZf/K6hEIrWHI6XqOFUiiMa+79wE/D8Q+NCNAWclkyg3b4d2k7s0QGepNjiABc+aR3N1PAyHL7p6UcLY6LmrnA=="
  "resolved" "https://registry.npmjs.org/util/-/util-0.12.5.tgz"
  "version" "0.12.5"
  dependencies:
    "inherits" "^2.0.3"
    "is-arguments" "^1.0.4"
    "is-generator-function" "^1.0.7"
    "is-typed-array" "^1.1.3"
    "which-typed-array" "^1.1.2"

"which-typed-array@^1.1.2":
  "integrity" "sha512-w9c4xkx6mPidwp7180ckYWfMmvxpjlZuIudNtDf4N/tTAUB8VJbX25qZoAsrtGuYNnGw3pa0AXgbGKRB8/EceA=="
  "resolved" "https://registry.npmjs.org/which-typed-array/-/which-typed-array-1.1.9.tgz"
  "version" "1.1.9"
  dependencies:
    "available-typed-arrays" "^1.0.5"
    "call-bind" "^1.0.2"
    "for-each" "^0.3.3"
    "gopd" "^1.0.1"
    "has-tostringtag" "^1.0.0"
    "is-typed-array" "^1.1.10"
